
Microsoft Visual Studio Solution File, Format Version 12.00
# Visual Studio Version 17
VisualStudioVersion = 17.6.33829.357
MinimumVisualStudioVersion = 10.0.40219.1
Project("{FAE04EC0-301F-11D3-BF4B-00C04F79EFBC}") = "BuggySoft", "BuggySoft.csproj", "{A1808C62-7570-4896-B1CA-70C22062ACF8}"
EndProject
Global
	GlobalSection(SolutionConfigurationPlatforms) = preSolution
		Debug|Any CPU = Debug|Any CPU
		Release|Any CPU = Release|Any CPU
	EndGlobalSection
	GlobalSection(ProjectConfigurationPlatforms) = postSolution
		{A1808C62-7570-4896-B1CA-70C22062ACF8}.Debug|Any CPU.ActiveCfg = Debug|Any CPU
		{A1808C62-7570-4896-B1CA-70C22062ACF8}.Debug|Any CPU.Build.0 = Debug|Any CPU
		{A1808C62-7570-4896-B1CA-70C22062ACF8}.Release|Any CPU.ActiveCfg = Release|Any CPU
		{A1808C62-7570-4896-B1CA-70C22062ACF8}.Release|Any CPU.Build.0 = Release|Any CPU
	EndGlobalSection
	GlobalSection(SolutionProperties) = preSolution
		HideSolutionNode = FALSE
	EndGlobalSection
	GlobalSection(ExtensibilityGlobals) = postSolution
		SolutionGuid = {59266C65-2803-437C-9724-31C994E661DD}
	EndGlobalSection
EndGlobal
